
Microsoft Visual Studio Solution File, Format Version 12.00
# Visual Studio Version 17
VisualStudioVersion = 17.0.31903.59
MinimumVisualStudioVersion = 10.0.40219.1
Project("{8BC9CEB8-8B4A-11D0-8D11-00A0C91BC942}") = "shariki", "shariki\shariki.vcxproj", "{30222FB9-72F7-4B73-98E8-F494986FBF3F}"
EndProject
Global
	GlobalSection(SolutionConfigurationPlatforms) = preSolution
		Debug|x64 = Debug|x64
		Debug|x86 = Debug|x86
		Release|x64 = Release|x64
		Release|x86 = Release|x86
	EndGlobalSection
	GlobalSection(ProjectConfigurationPlatforms) = postSolution
		{30222FB9-72F7-4B73-98E8-F494986FBF3F}.Debug|x64.ActiveCfg = Debug|x64
		{30222FB9-72F7-4B73-98E8-F494986FBF3F}.Debug|x64.Build.0 = Debug|x64
		{30222FB9-72F7-4B73-98E8-F494986FBF3F}.Debug|x86.ActiveCfg = Debug|Win32
		{30222FB9-72F7-4B73-98E8-F494986FBF3F}.Debug|x86.Build.0 = Debug|Win32
		{30222FB9-72F7-4B73-98E8-F494986FBF3F}.Release|x64.ActiveCfg = Release|x64
		{30222FB9-72F7-4B73-98E8-F494986FBF3F}.Release|x64.Build.0 = Release|x64
		{30222FB9-72F7-4B73-98E8-F494986FBF3F}.Release|x86.ActiveCfg = Release|Win32
		{30222FB9-72F7-4B73-98E8-F494986FBF3F}.Release|x86.Build.0 = Release|Win32
	EndGlobalSection
	GlobalSection(SolutionProperties) = preSolution
		HideSolutionNode = FALSE
	EndGlobalSection
	GlobalSection(ExtensibilityGlobals) = postSolution
		SolutionGuid = {6A8066AA-E7AD-4263-9705-DA6EFCA4611C}
	EndGlobalSection
EndGlobal
